
Microsoft Visual Studio Solution File, Format Version 12.00
# Visual Studio Version 17
VisualStudioVersion = 17.8.34330.188
MinimumVisualStudioVersion = 10.0.40219.1
Project("{FAE04EC0-301F-11D3-BF4B-00C04F79EFBC}") = "GoAtlass", "GoAtlass\GoAtlass.csproj", "{0C929388-1830-4A04-A9AC-2E9B62F40AF0}"
EndProject
Global
	GlobalSection(SolutionConfigurationPlatforms) = preSolution
		Debug|Any CPU = Debug|Any CPU
		Release|Any CPU = Release|Any CPU
	EndGlobalSection
	GlobalSection(ProjectConfigurationPlatforms) = postSolution
		{0C929388-1830-4A04-A9AC-2E9B62F40AF0}.Debug|Any CPU.ActiveCfg = Debug|Any CPU
		{0C929388-1830-4A04-A9AC-2E9B62F40AF0}.Debug|Any CPU.Build.0 = Debug|Any CPU
		{0C929388-1830-4A04-A9AC-2E9B62F40AF0}.Release|Any CPU.ActiveCfg = Release|Any CPU
		{0C929388-1830-4A04-A9AC-2E9B62F40AF0}.Release|Any CPU.Build.0 = Release|Any CPU
	EndGlobalSection
	GlobalSection(SolutionProperties) = preSolution
		HideSolutionNode = FALSE
	EndGlobalSection
	GlobalSection(ExtensibilityGlobals) = postSolution
		SolutionGuid = {A6ACED05-2673-44C5-BA90-45170407AA16}
	EndGlobalSection
EndGlobal
